version = 1
revision = 3
requires-python = ">=3.11"

[options]
exclude-newer = "0001-01-01T00:00:00Z" # This has no effect and is included for backwards compatibility when using relative exclude-newer values.
exclude-newer-span = "P7D"

[options.exclude-newer-package]
gradlab = false
env-vizdoom-turbo = false
env-supermariobrosnes-turbo-emu = false
env-gradoom-turbo-torch = false
unsloth-zoo = false
env-stableretro-turbo = false
unsloth = false
env-breakoutatari2600-turbo-native = false

[manifest]
constraints = [
    { name = "guardrails-ai", specifier = "!=0.10.1" },
    { name = "mistralai", specifier = "!=2.4.6" },
]

[[package]]
name = "aipit-secret-tools"
version = "0.1.0"
source = { virtual = "." }
dependencies = [
    { name = "bitwarden-sdk" },
]

[package.metadata]
requires-dist = [{ name = "bitwarden-sdk", specifier = "==2.1.0" }]

[[package]]
name = "bitwarden-sdk"
version = "2.1.0"
source = { registry = "https://pypi.org/simple" }
dependencies = [
    { name = "python-dateutil" },
]
wheels = [
    { url = "https://files.pythonhosted.org/packages/9a/8b/561140803e14f5fcb461814af08efe686ff4f07eb0fe8d6721cb887008bf/bitwarden_sdk-2.1.0-cp39-abi3-macosx_10_12_x86_64.whl", hash = "sha256:659b7e3faaab067f38556ffaaa7edf217e581047234f9a748770fa2926d2664c", size = 3720715, upload-time = "2026-05-21T22:39:54.125Z" },
    { url = "https://files.pythonhosted.org/packages/f4/7c/b4d87586010d365c01cffe2e1b28814072fae3c7a59dcfd85c7a51d11b7e/bitwarden_sdk-2.1.0-cp39-abi3-macosx_11_0_arm64.whl", hash = "sha256:8374ef97e481c17a0b65e1b8d700df492cb384ff5a4888bd2c697c37457fc332", size = 3516944, upload-time = "2026-05-21T22:39:56.418Z" },
    { url = "https://files.pythonhosted.org/packages/cf/56/44bdc84935648f735ce80df7e88cdaa133fb45a2fee745343ea2dfa26095/bitwarden_sdk-2.1.0-cp39-abi3-manylinux_2_17_aarch64.manylinux2014_aarch64.whl", hash = "sha256:cdf85d309aecf21c563c9245322d49a344135761d03cffa43b8703f509bc0df7", size = 3315068, upload-time = "2026-05-21T22:39:58.075Z" },
    { url = "https://files.pythonhosted.org/packages/7e/f4/ccdcadee82f88ec3c52a3b6e0db11df4c5587db171a2c979e4e9eb76b1d4/bitwarden_sdk-2.1.0-cp39-abi3-manylinux_2_17_x86_64.manylinux2014_x86_64.whl", hash = "sha256:b6f6b2624e340307891edc20a2860ec0b7c2140683eec2ce2e20d1076ffe9268", size = 3519632, upload-time = "2026-05-21T22:39:59.861Z" },
    { url = "https://files.pythonhosted.org/packages/58/49/cb3ed348f7bd35cc323021c11bee70304e446f3d5a6fca678987b4c47d23/bitwarden_sdk-2.1.0-cp39-abi3-win_amd64.whl", hash = "sha256:2c5de50af003b7b2d16a9a690d3111480d1b1962eb25f39e416812d6d9d4e4d6", size = 3453431, upload-time = "2026-05-21T22:40:01.481Z" },
]

[[package]]
name = "python-dateutil"
version = "2.9.0.post0"
source = { registry = "https://pypi.org/simple" }
dependencies = [
    { name = "six" },
]
sdist = { url = "https://files.pythonhosted.org/packages/66/c0/0c8b6ad9f17a802ee498c46e004a0eb49bc148f2fd230864601a86dcf6db/python-dateutil-2.9.0.post0.tar.gz", hash = "sha256:37dd54208da7e1cd875388217d5e00ebd4179249f90fb72437e91a35459a0ad3", size = 342432, upload-time = "2024-03-01T18:36:20.211Z" }
wheels = [
    { url = "https://files.pythonhosted.org/packages/ec/57/56b9bcc3c9c6a792fcbaf139543cee77261f3651ca9da0c93f5c1221264b/python_dateutil-2.9.0.post0-py2.py3-none-any.whl", hash = "sha256:a8b2bc7bffae282281c8140a97d3aa9c14da0b136dfe83f850eea9a5f7470427", size = 229892, upload-time = "2024-03-01T18:36:18.57Z" },
]

[[package]]
name = "six"
version = "1.17.0"
source = { registry = "https://pypi.org/simple" }
sdist = { url = "https://files.pythonhosted.org/packages/94/e7/b2c673351809dca68a0e064b6af791aa332cf192da575fd474ed7d6f16a2/six-1.17.0.tar.gz", hash = "sha256:ff70335d468e7eb6ec65b95b99d3a2836546063f63acc5171de367e834932a81", size = 34031, upload-time = "2024-12-04T17:35:28.174Z" }
wheels = [
    { url = "https://files.pythonhosted.org/packages/b7/ce/149a00dd41f10bc29e5921b496af8b574d8413afcd5e30dfa0ed46c2cc5e/six-1.17.0-py2.py3-none-any.whl", hash = "sha256:4721f391ed90541fddacab5acf947aa0d3dc7d27b2e1e8eda2be8970586c3274", size = 11050, upload-time = "2024-12-04T17:35:26.475Z" },
]
